// !$*UTF8*$!
{
	archiveVersion = 1;
	classes = {
	};
	objectVersion = 50;
	objects = {

/* Begin PBXBuildFile section */
		32D9AE22243A1B0500C0D12A /* AppDelegate.swift in Sources */ = {isa = PBXBuildFile; fileRef = 32D9AE21243A1B0500C0D12A /* AppDelegate.swift */; };
		32D9AE24243A1B0500C0D12A /* SceneDelegate.swift in Sources */ = {isa = PBXBuildFile; fileRef = 32D9AE23243A1B0500C0D12A /* SceneDelegate.swift */; };
		32D9AE29243A1B0500C0D12A /* Main.storyboard in Resources */ = {isa = PBXBuildFile; fileRef = 32D9AE27243A1B0500C0D12A /* Main.storyboard */; };
		32D9AE2B243A1B0600C0D12A /* Assets.xcassets in Resources */ = {isa = PBXBuildFile; fileRef = 32D9AE2A243A1B0600C0D12A /* Assets.xcassets */; };
		32D9AE2E243A1B0600C0D12A /* LaunchScreen.storyboard in Resources */ = {isa = PBXBuildFile; fileRef = 32D9AE2C243A1B0600C0D12A /* LaunchScreen.storyboard */; };
		32D9AE36243A1BC900C0D12A /* PhotosCollectionViewController.swift in Sources */ = {isa = PBXBuildFile; fileRef = 32D9AE35243A1BC900C0D12A /* PhotosCollectionViewController.swift */; };
		32D9AE38243A1F9200C0D12A /* PhotoCell.swift in Sources */ = {isa = PBXBuildFile; fileRef = 32D9AE37243A1F9200C0D12A /* PhotoCell.swift */; };
		32D9AE3C243A897600C0D12A /* PhotoViewController.swift in Sources */ = {isa = PBXBuildFile; fileRef = 32D9AE3B243A897600C0D12A /* PhotoViewController.swift */; };
/* End PBXBuildFile section */

/* Begin PBXFileReference section */
		32D9AE1E243A1B0400C0D12A /* PhotoGallery.app */ = {isa = PBXFileReference; explicitFileType = wrapper.application; includeInIndex = 0; path = PhotoGallery.app; sourceTree = BUILT_PRODUCTS_DIR; };
		32D9AE21243A1B0500C0D12A /* AppDelegate.swift */ = {isa = PBXFileReference; lastKnownFileType = sourcecode.swift; path = AppDelegate.swift; sourceTree = "<group>"; };
		32D9AE23243A1B0500C0D12A /* SceneDelegate.swift */ = {isa = PBXFileReference; lastKnownFileType = sourcecode.swift; path = SceneDelegate.swift; sourceTree = "<group>"; };
		32D9AE28243A1B0500C0D12A /* Base */ = {isa = PBXFileReference; lastKnownFileType = file.storyboard; name = Base; path = Base.lproj/Main.storyboard; sourceTree = "<group>"; };
		32D9AE2A243A1B0600C0D12A /* Assets.xcassets */ = {isa = PBXFileReference; lastKnownFileType = folder.assetcatalog; path = Assets.xcassets; sourceTree = "<group>"; };
		32D9AE2D243A1B0600C0D12A /* Base */ = {isa = PBXFileReference; lastKnownFileType = file.storyboard; name = Base; path = Base.lproj/LaunchScreen.storyboard; sourceTree = "<group>"; };
		32D9AE2F243A1B0600C0D12A /* Info.plist */ = {isa = PBXFileReference; lastKnownFileType = text.plist.xml; path = Info.plist; sourceTree = "<group>"; };
		32D9AE35243A1BC900C0D12A /* PhotosCollectionViewController.swift */ = {isa = PBXFileReference; lastKnownFileType = sourcecode.swift; path = PhotosCollectionViewController.swift; sourceTree = "<group>"; };
		32D9AE37243A1F9200C0D12A /* PhotoCell.swift */ = {isa = PBXFileReference; lastKnownFileType = sourcecode.swift; path = PhotoCell.swift; sourceTree = "<group>"; };
		32D9AE3B243A897600C0D12A /* PhotoViewController.swift */ = {isa = PBXFileReference; lastKnownFileType = sourcecode.swift; path = PhotoViewController.swift; sourceTree = "<group>"; };
/* End PBXFileReference section */

/* Begin PBXFrameworksBuildPhase section */
		32D9AE1B243A1B0400C0D12A /* Frameworks */ = {
			isa = PBXFrameworksBuildPhase;
			buildActionMask = 2147483647;
			files = (
			);
			runOnlyForDeploymentPostprocessing = 0;
		};
/* End PBXFrameworksBuildPhase section */

/* Begin PBXGroup section */
		32D9AE15243A1B0400C0D12A = {
			isa = PBXGroup;
			children = (
				32D9AE20243A1B0400C0D12A /* PhotoGallery */,
				32D9AE1F243A1B0400C0D12A /* Products */,
			);
			sourceTree = "<group>";
		};
		32D9AE1F243A1B0400C0D12A /* Products */ = {
			isa = PBXGroup;
			children = (
				32D9AE1E243A1B0400C0D12A /* PhotoGallery.app */,
			);
			name = Products;
			sourceTree = "<group>";
		};
		32D9AE20243A1B0400C0D12A /* PhotoGallery */ = {
			isa = PBXGroup;
			children = (
				32D9AE21243A1B0500C0D12A /* AppDelegate.swift */,
				32D9AE23243A1B0500C0D12A /* SceneDelegate.swift */,
				32D9AE39243A2DE500C0D12A /* Controller */,
				32D9AE3A243A2DF700C0D12A /* View */,
				32D9AE27243A1B0500C0D12A /* Main.storyboard */,
				32D9AE2A243A1B0600C0D12A /* Assets.xcassets */,
				32D9AE2C243A1B0600C0D12A /* LaunchScreen.storyboard */,
				32D9AE2F243A1B0600C0D12A /* Info.plist */,
			);
			path = PhotoGallery;
			sourceTree = "<group>";
		};
		32D9AE39243A2DE500C0D12A /* Controller */ = {
			isa = PBXGroup;
			children = (
				32D9AE35243A1BC900C0D12A /* PhotosCollectionViewController.swift */,
				32D9AE3B243A897600C0D12A /* PhotoViewController.swift */,
			);
			path = Controller;
			sourceTree = "<group>";
		};
		32D9AE3A243A2DF700C0D12A /* View */ = {
			isa = PBXGroup;
			children = (
				32D9AE37243A1F9200C0D12A /* PhotoCell.swift */,
			);
			path = View;
			sourceTree = "<group>";
		};
/* End PBXGroup section */

/* Begin PBXNativeTarget section */
		32D9AE1D243A1B0400C0D12A /* PhotoGallery */ = {
			isa = PBXNativeTarget;
			buildConfigurationList = 32D9AE32243A1B0600C0D12A /* Build configuration list for PBXNativeTarget "PhotoGallery" */;
			buildPhases = (
				32D9AE1A243A1B0400C0D12A /* Sources */,
				32D9AE1B243A1B0400C0D12A /* Frameworks */,
				32D9AE1C243A1B0400C0D12A /* Resources */,
			);
			buildRules = (
			);
			dependencies = (
			);
			name = PhotoGallery;
			productName = PhotoGallery;
			productReference = 32D9AE1E243A1B0400C0D12A /* PhotoGallery.app */;
			productType = "com.apple.product-type.application";
		};
/* End PBXNativeTarget section */

/* Begin PBXProject section */
		32D9AE16243A1B0400C0D12A /* Project object */ = {
			isa = PBXProject;
			attributes = {
				LastSwiftUpdateCheck = 1130;
				LastUpgradeCheck = 1130;
				ORGANIZATIONNAME = DmitriyYatsyuk;
				TargetAttributes = {
					32D9AE1D243A1B0400C0D12A = {
						CreatedOnToolsVersion = 11.3.1;
					};
				};
			};
			buildConfigurationList = 32D9AE19243A1B0400C0D12A /* Build configuration list for PBXProject "PhotoGallery" */;
			compatibilityVersion = "Xcode 9.3";
			developmentRegion = en;
			hasScannedForEncodings = 0;
			knownRegions = (
				en,
				Base,
			);
			mainGroup = 32D9AE15243A1B0400C0D12A;
			productRefGroup = 32D9AE1F243A1B0400C0D12A /* Products */;
			projectDirPath = "";
			projectRoot = "";
			targets = (
				32D9AE1D243A1B0400C0D12A /* PhotoGallery */,
			);
		};
/* End PBXProject section */

/* Begin PBXResourcesBuildPhase section */
		32D9AE1C243A1B0400C0D12A /* Resources */ = {
			isa = PBXResourcesBuildPhase;
			buildActionMask = 2147483647;
			files = (
				32D9AE2E243A1B0600C0D12A /* LaunchScreen.storyboard in Resources */,
				32D9AE2B243A1B0600C0D12A /* Assets.xcassets in Resources */,
				32D9AE29243A1B0500C0D12A /* Main.storyboard in Resources */,
			);
			runOnlyForDeploymentPostprocessing = 0;
		};
/* End PBXResourcesBuildPhase section */

/* Begin PBXSourcesBuildPhase section */
		32D9AE1A243A1B0400C0D12A /* Sources */ = {
			isa = PBXSourcesBuildPhase;
			buildActionMask = 2147483647;
			files = (
				32D9AE38243A1F9200C0D12A /* PhotoCell.swift in Sources */,
				32D9AE36243A1BC900C0D12A /* PhotosCollectionViewController.swift in Sources */,
				32D9AE22243A1B0500C0D12A /* AppDelegate.swift in Sources */,
				32D9AE24243A1B0500C0D12A /* SceneDelegate.swift in Sources */,
				32D9AE3C243A897600C0D12A /* PhotoViewController.swift in Sources */,
			);
			runOnlyForDeploymentPostprocessing = 0;
		};
/* End PBXSourcesBuildPhase section */

/* Begin PBXVariantGroup section */
		32D9AE27243A1B0500C0D12A /* Main.storyboard */ = {
			isa = PBXVariantGroup;
			children = (
				32D9AE28243A1B0500C0D12A /* Base */,
			);
			name = Main.storyboard;
			sourceTree = "<group>";
		};
		32D9AE2C243A1B0600C0D12A /* LaunchScreen.storyboard */ = {
			isa = PBXVariantGroup;
			children = (
				32D9AE2D243A1B0600C0D12A /* Base */,
			);
			name = LaunchScreen.storyboard;
			sourceTree = "<group>";
		};
/* End PBXVariantGroup section */

/* Begin XCBuildConfiguration section */
		32D9AE30243A1B0600C0D12A /* Debug */ = {
			isa = XCBuildConfiguration;
			buildSettings = {
				ALWAYS_SEARCH_USER_PATHS = NO;
				CLANG_ANALYZER_NONNULL = YES;
				CLANG_ANALYZER_NUMBER_OBJECT_CONVERSION = YES_AGGRESSIVE;
				CLANG_CXX_LANGUAGE_STANDARD = "gnu++14";
				CLANG_CXX_LIBRARY = "libc++";
				CLANG_ENABLE_MODULES = YES;
				CLANG_ENABLE_OBJC_ARC = YES;
				CLANG_ENABLE_OBJC_WEAK = YES;
				CLANG_WARN_BLOCK_CAPTURE_AUTORELEASING = YES;
				CLANG_WARN_BOOL_CONVERSION = YES;
				CLANG_WARN_COMMA = YES;
				CLANG_WARN_CONSTANT_CONVERSION = YES;
				CLANG_WARN_DEPRECATED_OBJC_IMPLEMENTATIONS = YES;
				CLANG_WARN_DIRECT_OBJC_ISA_USAGE = YES_ERROR;
				CLANG_WARN_DOCUMENTATION_COMMENTS = YES;
				CLANG_WARN_EMPTY_BODY = YES;
				CLANG_WARN_ENUM_CONVERSION = YES;
				CLANG_WARN_INFINITE_RECURSION = YES;
				CLANG_WARN_INT_CONVERSION = YES;
				CLANG_WARN_NON_LITERAL_NULL_CONVERSION = YES;
				CLANG_WARN_OBJC_IMPLICIT_RETAIN_SELF = YES;
				CLANG_WARN_OBJC_LITERAL_CONVERSION = YES;
				CLANG_WARN_OBJC_ROOT_CLASS = YES_ERROR;
				CLANG_WARN_RANGE_LOOP_ANALYSIS = YES;
				CLANG_WARN_STRICT_PROTOTYPES = YES;
				CLANG_WARN_SUSPICIOUS_MOVE = YES;
				CLANG_WARN_UNGUARDED_AVAILABILITY = YES_AGGRESSIVE;
				CLANG_WARN_UNREACHABLE_CODE = YES;
				CLANG_WARN__DUPLICATE_METHOD_MATCH = YES;
				COPY_PHASE_STRIP = NO;
				DEBUG_INFORMATION_FORMAT = dwarf;
				ENABLE_STRICT_OBJC_MSGSEND = YES;
				ENABLE_TESTABILITY = YES;
				GCC_C_LANGUAGE_STANDARD = gnu11;
				GCC_DYNAMIC_NO_PIC = NO;
				GCC_NO_COMMON_BLOCKS = YES;
				GCC_OPTIMIZATION_LEVEL = 0;
				GCC_PREPROCESSOR_DEFINITIONS = (
					"DEBUG=1",
					"$(inherited)",
				);
				GCC_WARN_64_TO_32_BIT_CONVERSION = YES;
				GCC_WARN_ABOUT_RETURN_TYPE = YES_ERROR;
				GCC_WARN_UNDECLARED_SELECTOR = YES;
				GCC_WARN_UNINITIALIZED_AUTOS = YES_AGGRESSIVE;
				GCC_WARN_UNUSED_FUNCTION = YES;
				GCC_WARN_UNUSED_VARIABLE = YES;
				IPHONEOS_DEPLOYMENT_TARGET = 13.2;
				MTL_ENABLE_DEBUG_INFO = INCLUDE_SOURCE;
				MTL_FAST_MATH = YES;
				ONLY_ACTIVE_ARCH = YES;
				SDKROOT = iphoneos;
				SWIFT_ACTIVE_COMPILATION_CONDITIONS = DEBUG;
				SWIFT_OPTIMIZATION_LEVEL = "-Onone";
			};
			name = Debug;
		};
		32D9AE31243A1B0600C0D12A /* Release */ = {
			isa = XCBuildConfiguration;
			buildSettings = {
				ALWAYS_SEARCH_USER_PATHS = NO;
				CLANG_ANALYZER_NONNULL = YES;
				CLANG_ANALYZER_NUMBER_OBJECT_CONVERSION = YES_AGGRESSIVE;
				CLANG_CXX_LANGUAGE_STANDARD = "gnu++14";
				CLANG_CXX_LIBRARY = "libc++";
				CLANG_ENABLE_MODULES = YES;
				CLANG_ENABLE_OBJC_ARC = YES;
				CLANG_ENABLE_OBJC_WEAK = YES;
				CLANG_WARN_BLOCK_CAPTURE_AUTORELEASING = YES;
				CLANG_WARN_BOOL_CONVERSION = YES;
				CLANG_WARN_COMMA = YES;
				CLANG_WARN_CONSTANT_CONVERSION = YES;
				CLANG_WARN_DEPRECATED_OBJC_IMPLEMENTATIONS = YES;
				CLANG_WARN_DIRECT_OBJC_ISA_USAGE = YES_ERROR;
				CLANG_WARN_DOCUMENTATION_COMMENTS = YES;
				CLANG_WARN_EMPTY_BODY = YES;
				CLANG_WARN_ENUM_CONVERSION = YES;
				CLANG_WARN_INFINITE_RECURSION = YES;
				CLANG_WARN_INT_CONVERSION = YES;
				CLANG_WARN_NON_LITERAL_NULL_CONVERSION = YES;
				CLANG_WARN_OBJC_IMPLICIT_RETAIN_SELF = YES;
				CLANG_WARN_OBJC_LITERAL_CONVERSION = YES;
				CLANG_WARN_OBJC_ROOT_CLASS = YES_ERROR;
				CLANG_WARN_RANGE_LOOP_ANALYSIS = YES;
				CLANG_WARN_STRICT_PROTOTYPES = YES;
				CLANG_WARN_SUSPICIOUS_MOVE = YES;
				CLANG_WARN_UNGUARDED_AVAILABILITY = YES_AGGRESSIVE;
				CLANG_WARN_UNREACHABLE_CODE = YES;
				CLANG_WARN__DUPLICATE_METHOD_MATCH = YES;
				COPY_PHASE_STRIP = NO;
				DEBUG_INFORMATION_FORMAT = "dwarf-with-dsym";
				ENABLE_NS_ASSERTIONS = NO;
				ENABLE_STRICT_OBJC_MSGSEND = YES;
				GCC_C_LANGUAGE_STANDARD = gnu11;
				GCC_NO_COMMON_BLOCKS = YES;
				GCC_WARN_64_TO_32_BIT_CONVERSION = YES;
				GCC_WARN_ABOUT_RETURN_TYPE = YES_ERROR;
				GCC_WARN_UNDECLARED_SELECTOR = YES;
				GCC_WARN_UNINITIALIZED_AUTOS = YES_AGGRESSIVE;
				GCC_WARN_UNUSED_FUNCTION = YES;
				GCC_WARN_UNUSED_VARIABLE = YES;
				IPHONEOS_DEPLOYMENT_TARGET = 13.2;
				MTL_ENABLE_DEBUG_INFO = NO;
				MTL_FAST_MATH = YES;
				SDKROOT = iphoneos;
				SWIFT_COMPILATION_MODE = wholemodule;
				SWIFT_OPTIMIZATION_LEVEL = "-O";
				VALIDATE_PRODUCT = YES;
			};
			name = Release;
		};
		32D9AE33243A1B0600C0D12A /* Debug */ = {
			isa = XCBuildConfiguration;
			buildSettings = {
				ASSETCATALOG_COMPILER_APPICON_NAME = AppIcon;
				CODE_SIGN_STYLE = Automatic;
				DEVELOPMENT_TEAM = 2V83UZ9AV3;
				INFOPLIST_FILE = PhotoGallery/Info.plist;
				LD_RUNPATH_SEARCH_PATHS = (
					"$(inherited)",
					"@executable_path/Frameworks",
				);
				PRODUCT_BUNDLE_IDENTIFIER = "ru.yatsyuk.dev-mail.PhotoGallery";
				PRODUCT_NAME = "$(TARGET_NAME)";
				SWIFT_VERSION = 5.0;
				TARGETED_DEVICE_FAMILY = "1,2";
			};
			name = Debug;
		};
		32D9AE34243A1B0600C0D12A /* Release */ = {
			isa = XCBuildConfiguration;
			buildSettings = {
				ASSETCATALOG_COMPILER_APPICON_NAME = AppIcon;
				CODE_SIGN_STYLE = Automatic;
				DEVELOPMENT_TEAM = 2V83UZ9AV3;
				INFOPLIST_FILE = PhotoGallery/Info.plist;
				LD_RUNPATH_SEARCH_PATHS = (
					"$(inherited)",
					"@executable_path/Frameworks",
				);
				PRODUCT_BUNDLE_IDENTIFIER = "ru.yatsyuk.dev-mail.PhotoGallery";
				PRODUCT_NAME = "$(TARGET_NAME)";
				SWIFT_VERSION = 5.0;
				TARGETED_DEVICE_FAMILY = "1,2";
			};
			name = Release;
		};
/* End XCBuildConfiguration section */

/* Begin XCConfigurationList section */
		32D9AE19243A1B0400C0D12A /* Build configuration list for PBXProject "PhotoGallery" */ = {
			isa = XCConfigurationList;
			buildConfigurations = (
				32D9AE30243A1B0600C0D12A /* Debug */,
				32D9AE31243A1B0600C0D12A /* Release */,
			);
			defaultConfigurationIsVisible = 0;
			defaultConfigurationName = Release;
		};
		32D9AE32243A1B0600C0D12A /* Build configuration list for PBXNativeTarget "PhotoGallery" */ = {
			isa = XCConfigurationList;
			buildConfigurations = (
				32D9AE33243A1B0600C0D12A /* Debug */,
				32D9AE34243A1B0600C0D12A /* Release */,
			);
			defaultConfigurationIsVisible = 0;
			defaultConfigurationName = Release;
		};
/* End XCConfigurationList section */
	};
	rootObject = 32D9AE16243A1B0400C0D12A /* Project object */;
}
